
Microsoft Visual Studio Solution File, Format Version 12.00
# Visual Studio Express 2012 for Windows Desktop
Project("{FAE04EC0-301F-11D3-BF4B-00C04F79EFBC}") = "pgdbsc", "pgdbsc\pgdbsc.csproj", "{E448FB3A-8AD0-42D8-9470-A831A34DD194}"
EndProject
Project("{FAE04EC0-301F-11D3-BF4B-00C04F79EFBC}") = "dbsc.Core", "dbsc.Core\dbsc.Core.csproj", "{2F0C15B4-429D-4363-8DF9-04F53B6C7D77}"
EndProject
Project("{FAE04EC0-301F-11D3-BF4B-00C04F79EFBC}") = "dbsc.Core.Tests", "dbsc.Core.Tests\dbsc.Core.Tests.csproj", "{FF945A2A-E289-4F59-AC2A-578BBA241EEC}"
EndProject
Project("{FAE04EC0-301F-11D3-BF4B-00C04F79EFBC}") = "msdbsc", "msdbsc\msdbsc.csproj", "{2946F2CB-F0F1-43C9-9D53-D7F24AA9FCCC}"
EndProject
Project("{FAE04EC0-301F-11D3-BF4B-00C04F79EFBC}") = "mydbsc", "mydbsc\mydbsc.csproj", "{4BB2C207-EAB6-4608-B2BD-E3B36B147362}"
EndProject
Project("{FAE04EC0-301F-11D3-BF4B-00C04F79EFBC}") = "mydbsc.Tests", "mydbsc.Tests\mydbsc.Tests.csproj", "{EC9A0ABC-8DDC-4BD1-A7A3-2F95014E1754}"
EndProject
Project("{2150E333-8FDC-42A3-9474-1A3956D46DE8}") = ".nuget", ".nuget", "{571F815D-8D79-4A7F-9325-F2DD48067F62}"
	ProjectSection(SolutionItems) = preProject
		.nuget\NuGet.Config = .nuget\NuGet.Config
		.nuget\NuGet.exe = .nuget\NuGet.exe
		.nuget\NuGet.targets = .nuget\NuGet.targets
	EndProjectSection
EndProject
Project("{FAE04EC0-301F-11D3-BF4B-00C04F79EFBC}") = "mongodbsc", "mongodbsc\mongodbsc.csproj", "{C156C2F1-C76E-4BF8-9351-D0CA2276C6AC}"
EndProject
Global
	GlobalSection(SolutionConfigurationPlatforms) = preSolution
		Debug|Any CPU = Debug|Any CPU
		Debug|Mixed Platforms = Debug|Mixed Platforms
		Debug|x86 = Debug|x86
		Release|Any CPU = Release|Any CPU
		Release|Mixed Platforms = Release|Mixed Platforms
		Release|x86 = Release|x86
	EndGlobalSection
	GlobalSection(ProjectConfigurationPlatforms) = postSolution
		{E448FB3A-8AD0-42D8-9470-A831A34DD194}.Debug|Any CPU.ActiveCfg = Debug|Any CPU
		{E448FB3A-8AD0-42D8-9470-A831A34DD194}.Debug|Any CPU.Build.0 = Debug|Any CPU
		{E448FB3A-8AD0-42D8-9470-A831A34DD194}.Debug|Mixed Platforms.ActiveCfg = Debug|x86
		{E448FB3A-8AD0-42D8-9470-A831A34DD194}.Debug|Mixed Platforms.Build.0 = Debug|x86
		{E448FB3A-8AD0-42D8-9470-A831A34DD194}.Debug|x86.ActiveCfg = Debug|x86
		{E448FB3A-8AD0-42D8-9470-A831A34DD194}.Debug|x86.Build.0 = Debug|x86
		{E448FB3A-8AD0-42D8-9470-A831A34DD194}.Release|Any CPU.ActiveCfg = Release|Any CPU
		{E448FB3A-8AD0-42D8-9470-A831A34DD194}.Release|Any CPU.Build.0 = Release|Any CPU
		{E448FB3A-8AD0-42D8-9470-A831A34DD194}.Release|Mixed Platforms.ActiveCfg = Release|x86
		{E448FB3A-8AD0-42D8-9470-A831A34DD194}.Release|Mixed Platforms.Build.0 = Release|x86
		{E448FB3A-8AD0-42D8-9470-A831A34DD194}.Release|x86.ActiveCfg = Release|x86
		{E448FB3A-8AD0-42D8-9470-A831A34DD194}.Release|x86.Build.0 = Release|x86
		{2F0C15B4-429D-4363-8DF9-04F53B6C7D77}.Debug|Any CPU.ActiveCfg = Debug|Any CPU
		{2F0C15B4-429D-4363-8DF9-04F53B6C7D77}.Debug|Any CPU.Build.0 = Debug|Any CPU
		{2F0C15B4-429D-4363-8DF9-04F53B6C7D77}.Debug|Mixed Platforms.ActiveCfg = Debug|Any CPU
		{2F0C15B4-429D-4363-8DF9-04F53B6C7D77}.Debug|Mixed Platforms.Build.0 = Debug|Any CPU
		{2F0C15B4-429D-4363-8DF9-04F53B6C7D77}.Debug|x86.ActiveCfg = Debug|Any CPU
		{2F0C15B4-429D-4363-8DF9-04F53B6C7D77}.Debug|x86.Build.0 = Debug|Any CPU
		{2F0C15B4-429D-4363-8DF9-04F53B6C7D77}.Release|Any CPU.ActiveCfg = Release|Any CPU
		{2F0C15B4-429D-4363-8DF9-04F53B6C7D77}.Release|Any CPU.Build.0 = Release|Any CPU
		{2F0C15B4-429D-4363-8DF9-04F53B6C7D77}.Release|Mixed Platforms.ActiveCfg = Release|Any CPU
		{2F0C15B4-429D-4363-8DF9-04F53B6C7D77}.Release|Mixed Platforms.Build.0 = Release|Any CPU
		{2F0C15B4-429D-4363-8DF9-04F53B6C7D77}.Release|x86.ActiveCfg = Release|Any CPU
		{2F0C15B4-429D-4363-8DF9-04F53B6C7D77}.Release|x86.Build.0 = Release|Any CPU
		{FF945A2A-E289-4F59-AC2A-578BBA241EEC}.Debug|Any CPU.ActiveCfg = Debug|Any CPU
		{FF945A2A-E289-4F59-AC2A-578BBA241EEC}.Debug|Any CPU.Build.0 = Debug|Any CPU
		{FF945A2A-E289-4F59-AC2A-578BBA241EEC}.Debug|Mixed Platforms.ActiveCfg = Debug|Any CPU
		{FF945A2A-E289-4F59-AC2A-578BBA241EEC}.Debug|Mixed Platforms.Build.0 = Debug|Any CPU
		{FF945A2A-E289-4F59-AC2A-578BBA241EEC}.Debug|x86.ActiveCfg = Debug|Any CPU
		{FF945A2A-E289-4F59-AC2A-578BBA241EEC}.Debug|x86.Build.0 = Debug|Any CPU
		{FF945A2A-E289-4F59-AC2A-578BBA241EEC}.Release|Any CPU.ActiveCfg = Release|Any CPU
		{FF945A2A-E289-4F59-AC2A-578BBA241EEC}.Release|Any CPU.Build.0 = Release|Any CPU
		{FF945A2A-E289-4F59-AC2A-578BBA241EEC}.Release|Mixed Platforms.ActiveCfg = Release|Any CPU
		{FF945A2A-E289-4F59-AC2A-578BBA241EEC}.Release|Mixed Platforms.Build.0 = Release|Any CPU
		{FF945A2A-E289-4F59-AC2A-578BBA241EEC}.Release|x86.ActiveCfg = Release|Any CPU
		{FF945A2A-E289-4F59-AC2A-578BBA241EEC}.Release|x86.Build.0 = Release|Any CPU
		{2946F2CB-F0F1-43C9-9D53-D7F24AA9FCCC}.Debug|Any CPU.ActiveCfg = Debug|x86
		{2946F2CB-F0F1-43C9-9D53-D7F24AA9FCCC}.Debug|Mixed Platforms.ActiveCfg = Debug|x86
		{2946F2CB-F0F1-43C9-9D53-D7F24AA9FCCC}.Debug|Mixed Platforms.Build.0 = Debug|x86
		{2946F2CB-F0F1-43C9-9D53-D7F24AA9FCCC}.Debug|x86.ActiveCfg = Debug|x86
		{2946F2CB-F0F1-43C9-9D53-D7F24AA9FCCC}.Debug|x86.Build.0 = Debug|x86
		{2946F2CB-F0F1-43C9-9D53-D7F24AA9FCCC}.Release|Any CPU.ActiveCfg = Release|x86
		{2946F2CB-F0F1-43C9-9D53-D7F24AA9FCCC}.Release|Mixed Platforms.ActiveCfg = Release|x86
		{2946F2CB-F0F1-43C9-9D53-D7F24AA9FCCC}.Release|Mixed Platforms.Build.0 = Release|x86
		{2946F2CB-F0F1-43C9-9D53-D7F24AA9FCCC}.Release|x86.ActiveCfg = Release|x86
		{2946F2CB-F0F1-43C9-9D53-D7F24AA9FCCC}.Release|x86.Build.0 = Release|x86
		{4BB2C207-EAB6-4608-B2BD-E3B36B147362}.Debug|Any CPU.ActiveCfg = Debug|Any CPU
		{4BB2C207-EAB6-4608-B2BD-E3B36B147362}.Debug|Any CPU.Build.0 = Debug|Any CPU
		{4BB2C207-EAB6-4608-B2BD-E3B36B147362}.Debug|Mixed Platforms.ActiveCfg = Debug|x86
		{4BB2C207-EAB6-4608-B2BD-E3B36B147362}.Debug|Mixed Platforms.Build.0 = Debug|x86
		{4BB2C207-EAB6-4608-B2BD-E3B36B147362}.Debug|x86.ActiveCfg = Debug|x86
		{4BB2C207-EAB6-4608-B2BD-E3B36B147362}.Debug|x86.Build.0 = Debug|x86
		{4BB2C207-EAB6-4608-B2BD-E3B36B147362}.Release|Any CPU.ActiveCfg = Release|Any CPU
		{4BB2C207-EAB6-4608-B2BD-E3B36B147362}.Release|Any CPU.Build.0 = Release|Any CPU
		{4BB2C207-EAB6-4608-B2BD-E3B36B147362}.Release|Mixed Platforms.ActiveCfg = Release|x86
		{4BB2C207-EAB6-4608-B2BD-E3B36B147362}.Release|Mixed Platforms.Build.0 = Release|x86
		{4BB2C207-EAB6-4608-B2BD-E3B36B147362}.Release|x86.ActiveCfg = Release|x86
		{4BB2C207-EAB6-4608-B2BD-E3B36B147362}.Release|x86.Build.0 = Release|x86
		{EC9A0ABC-8DDC-4BD1-A7A3-2F95014E1754}.Debug|Any CPU.ActiveCfg = Debug|Any CPU
		{EC9A0ABC-8DDC-4BD1-A7A3-2F95014E1754}.Debug|Any CPU.Build.0 = Debug|Any CPU
		{EC9A0ABC-8DDC-4BD1-A7A3-2F95014E1754}.Debug|Mixed Platforms.ActiveCfg = Debug|Any CPU
		{EC9A0ABC-8DDC-4BD1-A7A3-2F95014E1754}.Debug|Mixed Platforms.Build.0 = Debug|Any CPU
		{EC9A0ABC-8DDC-4BD1-A7A3-2F95014E1754}.Debug|x86.ActiveCfg = Debug|Any CPU
		{EC9A0ABC-8DDC-4BD1-A7A3-2F95014E1754}.Debug|x86.Build.0 = Debug|Any CPU
		{EC9A0ABC-8DDC-4BD1-A7A3-2F95014E1754}.Release|Any CPU.ActiveCfg = Release|Any CPU
		{EC9A0ABC-8DDC-4BD1-A7A3-2F95014E1754}.Release|Any CPU.Build.0 = Release|Any CPU
		{EC9A0ABC-8DDC-4BD1-A7A3-2F95014E1754}.Release|Mixed Platforms.ActiveCfg = Release|Any CPU
		{EC9A0ABC-8DDC-4BD1-A7A3-2F95014E1754}.Release|Mixed Platforms.Build.0 = Release|Any CPU
		{EC9A0ABC-8DDC-4BD1-A7A3-2F95014E1754}.Release|x86.ActiveCfg = Release|Any CPU
		{EC9A0ABC-8DDC-4BD1-A7A3-2F95014E1754}.Release|x86.Build.0 = Release|Any CPU
		{C156C2F1-C76E-4BF8-9351-D0CA2276C6AC}.Debug|Any CPU.ActiveCfg = Debug|Any CPU
		{C156C2F1-C76E-4BF8-9351-D0CA2276C6AC}.Debug|Any CPU.Build.0 = Debug|Any CPU
		{C156C2F1-C76E-4BF8-9351-D0CA2276C6AC}.Debug|Mixed Platforms.ActiveCfg = Debug|x86
		{C156C2F1-C76E-4BF8-9351-D0CA2276C6AC}.Debug|Mixed Platforms.Build.0 = Debug|x86
		{C156C2F1-C76E-4BF8-9351-D0CA2276C6AC}.Debug|x86.ActiveCfg = Debug|x86
		{C156C2F1-C76E-4BF8-9351-D0CA2276C6AC}.Debug|x86.Build.0 = Debug|x86
		{C156C2F1-C76E-4BF8-9351-D0CA2276C6AC}.Release|Any CPU.ActiveCfg = Release|Any CPU
		{C156C2F1-C76E-4BF8-9351-D0CA2276C6AC}.Release|Any CPU.Build.0 = Release|Any CPU
		{C156C2F1-C76E-4BF8-9351-D0CA2276C6AC}.Release|Mixed Platforms.ActiveCfg = Release|x86
		{C156C2F1-C76E-4BF8-9351-D0CA2276C6AC}.Release|Mixed Platforms.Build.0 = Release|x86
		{C156C2F1-C76E-4BF8-9351-D0CA2276C6AC}.Release|x86.ActiveCfg = Release|x86
		{C156C2F1-C76E-4BF8-9351-D0CA2276C6AC}.Release|x86.Build.0 = Release|x86
	EndGlobalSection
	GlobalSection(SolutionProperties) = preSolution
		HideSolutionNode = FALSE
	EndGlobalSection
EndGlobal
